// !$*UTF8*$!
{
	archiveVersion = 1;
	classes = {
	};
	objectVersion = 50;
	objects = {

/* Begin PBXBuildFile section */
		45557F2322C3A7CA00952BC8 /* AppDelegate.swift in Sources */ = {isa = PBXBuildFile; fileRef = 45557F2222C3A7CA00952BC8 /* AppDelegate.swift */; };
		45557F2522C3A7CA00952BC8 /* ViewController.swift in Sources */ = {isa = PBXBuildFile; fileRef = 45557F2422C3A7CA00952BC8 /* ViewController.swift */; };
		45557F2822C3A7CA00952BC8 /* Main.storyboard in Resources */ = {isa = PBXBuildFile; fileRef = 45557F2622C3A7CA00952BC8 /* Main.storyboard */; };
		45557F2A22C3A7CC00952BC8 /* Assets.xcassets in Resources */ = {isa = PBXBuildFile; fileRef = 45557F2922C3A7CC00952BC8 /* Assets.xcassets */; };
		45557F2D22C3A7CC00952BC8 /* LaunchScreen.storyboard in Resources */ = {isa = PBXBuildFile; fileRef = 45557F2B22C3A7CC00952BC8 /* LaunchScreen.storyboard */; };
		45557F3722C3A8CA00952BC8 /* CircleSpreadButtonView.swift in Sources */ = {isa = PBXBuildFile; fileRef = 45557F3622C3A8CA00952BC8 /* CircleSpreadButtonView.swift */; };
		45557F3922C3A8EB00952BC8 /* CircleSpreadButtonInfo.swift in Sources */ = {isa = PBXBuildFile; fileRef = 45557F3822C3A8EB00952BC8 /* CircleSpreadButtonInfo.swift */; };
		45557F3F22C7477E00952BC8 /* CircleSpreadButtonType.swift in Sources */ = {isa = PBXBuildFile; fileRef = 45557F3E22C7477E00952BC8 /* CircleSpreadButtonType.swift */; };
/* End PBXBuildFile section */

/* Begin PBXFileReference section */
		45557F1F22C3A7CA00952BC8 /* CircleSpreadButton.app */ = {isa = PBXFileReference; explicitFileType = wrapper.application; includeInIndex = 0; path = CircleSpreadButton.app; sourceTree = BUILT_PRODUCTS_DIR; };
		45557F2222C3A7CA00952BC8 /* AppDelegate.swift */ = {isa = PBXFileReference; lastKnownFileType = sourcecode.swift; path = AppDelegate.swift; sourceTree = "<group>"; };
		45557F2422C3A7CA00952BC8 /* ViewController.swift */ = {isa = PBXFileReference; lastKnownFileType = sourcecode.swift; path = ViewController.swift; sourceTree = "<group>"; };
		45557F2722C3A7CA00952BC8 /* Base */ = {isa = PBXFileReference; lastKnownFileType = file.storyboard; name = Base; path = Base.lproj/Main.storyboard; sourceTree = "<group>"; };
		45557F2922C3A7CC00952BC8 /* Assets.xcassets */ = {isa = PBXFileReference; lastKnownFileType = folder.assetcatalog; path = Assets.xcassets; sourceTree = "<group>"; };
		45557F2C22C3A7CC00952BC8 /* Base */ = {isa = PBXFileReference; lastKnownFileType = file.storyboard; name = Base; path = Base.lproj/LaunchScreen.storyboard; sourceTree = "<group>"; };
		45557F2E22C3A7CC00952BC8 /* Info.plist */ = {isa = PBXFileReference; lastKnownFileType = text.plist.xml; path = Info.plist; sourceTree = "<group>"; };
		45557F3622C3A8CA00952BC8 /* CircleSpreadButtonView.swift */ = {isa = PBXFileReference; lastKnownFileType = sourcecode.swift; path = CircleSpreadButtonView.swift; sourceTree = "<group>"; };
		45557F3822C3A8EB00952BC8 /* CircleSpreadButtonInfo.swift */ = {isa = PBXFileReference; lastKnownFileType = sourcecode.swift; path = CircleSpreadButtonInfo.swift; sourceTree = "<group>"; };
		45557F3E22C7477E00952BC8 /* CircleSpreadButtonType.swift */ = {isa = PBXFileReference; lastKnownFileType = sourcecode.swift; path = CircleSpreadButtonType.swift; sourceTree = "<group>"; };
/* End PBXFileReference section */

/* Begin PBXFrameworksBuildPhase section */
		45557F1C22C3A7CA00952BC8 /* Frameworks */ = {
			isa = PBXFrameworksBuildPhase;
			buildActionMask = 2147483647;
			files = (
			);
			runOnlyForDeploymentPostprocessing = 0;
		};
/* End PBXFrameworksBuildPhase section */

/* Begin PBXGroup section */
		45557F1622C3A7CA00952BC8 = {
			isa = PBXGroup;
			children = (
				45557F2122C3A7CA00952BC8 /* CircleSpreadButton */,
				45557F2022C3A7CA00952BC8 /* Products */,
			);
			sourceTree = "<group>";
		};
		45557F2022C3A7CA00952BC8 /* Products */ = {
			isa = PBXGroup;
			children = (
				45557F1F22C3A7CA00952BC8 /* CircleSpreadButton.app */,
			);
			name = Products;
			sourceTree = "<group>";
		};
		45557F2122C3A7CA00952BC8 /* CircleSpreadButton */ = {
			isa = PBXGroup;
			children = (
				45557F3522C3A87400952BC8 /* CircleSpreadButton */,
				45557F3422C3A87100952BC8 /* Others */,
			);
			path = CircleSpreadButton;
			sourceTree = "<group>";
		};
		45557F3422C3A87100952BC8 /* Others */ = {
			isa = PBXGroup;
			children = (
				45557F2222C3A7CA00952BC8 /* AppDelegate.swift */,
				45557F2422C3A7CA00952BC8 /* ViewController.swift */,
				45557F2622C3A7CA00952BC8 /* Main.storyboard */,
				45557F2922C3A7CC00952BC8 /* Assets.xcassets */,
				45557F2B22C3A7CC00952BC8 /* LaunchScreen.storyboard */,
				45557F2E22C3A7CC00952BC8 /* Info.plist */,
			);
			path = Others;
			sourceTree = "<group>";
		};
		45557F3522C3A87400952BC8 /* CircleSpreadButton */ = {
			isa = PBXGroup;
			children = (
				45557F3622C3A8CA00952BC8 /* CircleSpreadButtonView.swift */,
				45557F3822C3A8EB00952BC8 /* CircleSpreadButtonInfo.swift */,
				45557F3E22C7477E00952BC8 /* CircleSpreadButtonType.swift */,
			);
			path = CircleSpreadButton;
			sourceTree = "<group>";
		};
/* End PBXGroup section */

/* Begin PBXNativeTarget section */
		45557F1E22C3A7CA00952BC8 /* CircleSpreadButton */ = {
			isa = PBXNativeTarget;
			buildConfigurationList = 45557F3122C3A7CC00952BC8 /* Build configuration list for PBXNativeTarget "CircleSpreadButton" */;
			buildPhases = (
				45557F1B22C3A7CA00952BC8 /* Sources */,
				45557F1C22C3A7CA00952BC8 /* Frameworks */,
				45557F1D22C3A7CA00952BC8 /* Resources */,
			);
			buildRules = (
			);
			dependencies = (
			);
			name = CircleSpreadButton;
			productName = CircleSpreadButton;
			productReference = 45557F1F22C3A7CA00952BC8 /* CircleSpreadButton.app */;
			productType = "com.apple.product-type.application";
		};
/* End PBXNativeTarget section */

/* Begin PBXProject section */
		45557F1722C3A7CA00952BC8 /* Project object */ = {
			isa = PBXProject;
			attributes = {
				LastSwiftUpdateCheck = 1020;
				LastUpgradeCheck = 1020;
				ORGANIZATIONNAME = kawaharadai;
				TargetAttributes = {
					45557F1E22C3A7CA00952BC8 = {
						CreatedOnToolsVersion = 10.2.1;
					};
				};
			};
			buildConfigurationList = 45557F1A22C3A7CA00952BC8 /* Build configuration list for PBXProject "CircleSpreadButton" */;
			compatibilityVersion = "Xcode 9.3";
			developmentRegion = en;
			hasScannedForEncodings = 0;
			knownRegions = (
				en,
				Base,
			);
			mainGroup = 45557F1622C3A7CA00952BC8;
			productRefGroup = 45557F2022C3A7CA00952BC8 /* Products */;
			projectDirPath = "";
			projectRoot = "";
			targets = (
				45557F1E22C3A7CA00952BC8 /* CircleSpreadButton */,
			);
		};
/* End PBXProject section */

/* Begin PBXResourcesBuildPhase section */
		45557F1D22C3A7CA00952BC8 /* Resources */ = {
			isa = PBXResourcesBuildPhase;
			buildActionMask = 2147483647;
			files = (
				45557F2D22C3A7CC00952BC8 /* LaunchScreen.storyboard in Resources */,
				45557F2A22C3A7CC00952BC8 /* Assets.xcassets in Resources */,
				45557F2822C3A7CA00952BC8 /* Main.storyboard in Resources */,
			);
			runOnlyForDeploymentPostprocessing = 0;
		};
/* End PBXResourcesBuildPhase section */

/* Begin PBXSourcesBuildPhase section */
		45557F1B22C3A7CA00952BC8 /* Sources */ = {
			isa = PBXSourcesBuildPhase;
			buildActionMask = 2147483647;
			files = (
				45557F3922C3A8EB00952BC8 /* CircleSpreadButtonInfo.swift in Sources */,
				45557F3F22C7477E00952BC8 /* CircleSpreadButtonType.swift in Sources */,
				45557F2522C3A7CA00952BC8 /* ViewController.swift in Sources */,
				45557F2322C3A7CA00952BC8 /* AppDelegate.swift in Sources */,
				45557F3722C3A8CA00952BC8 /* CircleSpreadButtonView.swift in Sources */,
			);
			runOnlyForDeploymentPostprocessing = 0;
		};
/* End PBXSourcesBuildPhase section */

/* Begin PBXVariantGroup section */
		45557F2622C3A7CA00952BC8 /* Main.storyboard */ = {
			isa = PBXVariantGroup;
			children = (
				45557F2722C3A7CA00952BC8 /* Base */,
			);
			name = Main.storyboard;
			sourceTree = "<group>";
		};
		45557F2B22C3A7CC00952BC8 /* LaunchScreen.storyboard */ = {
			isa = PBXVariantGroup;
			children = (
				45557F2C22C3A7CC00952BC8 /* Base */,
			);
			name = LaunchScreen.storyboard;
			sourceTree = "<group>";
		};
/* End PBXVariantGroup section */

/* Begin XCBuildConfiguration section */
		45557F2F22C3A7CC00952BC8 /* Debug */ = {
			isa = XCBuildConfiguration;
			buildSettings = {
				ALWAYS_SEARCH_USER_PATHS = NO;
				CLANG_ANALYZER_NONNULL = YES;
				CLANG_ANALYZER_NUMBER_OBJECT_CONVERSION = YES_AGGRESSIVE;
				CLANG_CXX_LANGUAGE_STANDARD = "gnu++14";
				CLANG_CXX_LIBRARY = "libc++";
				CLANG_ENABLE_MODULES = YES;
				CLANG_ENABLE_OBJC_ARC = YES;
				CLANG_ENABLE_OBJC_WEAK = YES;
				CLANG_WARN_BLOCK_CAPTURE_AUTORELEASING = YES;
				CLANG_WARN_BOOL_CONVERSION = YES;
				CLANG_WARN_COMMA = YES;
				CLANG_WARN_CONSTANT_CONVERSION = YES;
				CLANG_WARN_DEPRECATED_OBJC_IMPLEMENTATIONS = YES;
				CLANG_WARN_DIRECT_OBJC_ISA_USAGE = YES_ERROR;
				CLANG_WARN_DOCUMENTATION_COMMENTS = YES;
				CLANG_WARN_EMPTY_BODY = YES;
				CLANG_WARN_ENUM_CONVERSION = YES;
				CLANG_WARN_INFINITE_RECURSION = YES;
				CLANG_WARN_INT_CONVERSION = YES;
				CLANG_WARN_NON_LITERAL_NULL_CONVERSION = YES;
				CLANG_WARN_OBJC_IMPLICIT_RETAIN_SELF = YES;
				CLANG_WARN_OBJC_LITERAL_CONVERSION = YES;
				CLANG_WARN_OBJC_ROOT_CLASS = YES_ERROR;
				CLANG_WARN_RANGE_LOOP_ANALYSIS = YES;
				CLANG_WARN_STRICT_PROTOTYPES = YES;
				CLANG_WARN_SUSPICIOUS_MOVE = YES;
				CLANG_WARN_UNGUARDED_AVAILABILITY = YES_AGGRESSIVE;
				CLANG_WARN_UNREACHABLE_CODE = YES;
				CLANG_WARN__DUPLICATE_METHOD_MATCH = YES;
				CODE_SIGN_IDENTITY = "iPhone Developer";
				COPY_PHASE_STRIP = NO;
				DEBUG_INFORMATION_FORMAT = dwarf;
				ENABLE_STRICT_OBJC_MSGSEND = YES;
				ENABLE_TESTABILITY = YES;
				GCC_C_LANGUAGE_STANDARD = gnu11;
				GCC_DYNAMIC_NO_PIC = NO;
				GCC_NO_COMMON_BLOCKS = YES;
				GCC_OPTIMIZATION_LEVEL = 0;
				GCC_PREPROCESSOR_DEFINITIONS = (
					"DEBUG=1",
					"$(inherited)",
				);
				GCC_WARN_64_TO_32_BIT_CONVERSION = YES;
				GCC_WARN_ABOUT_RETURN_TYPE = YES_ERROR;
				GCC_WARN_UNDECLARED_SELECTOR = YES;
				GCC_WARN_UNINITIALIZED_AUTOS = YES_AGGRESSIVE;
				GCC_WARN_UNUSED_FUNCTION = YES;
				GCC_WARN_UNUSED_VARIABLE = YES;
				IPHONEOS_DEPLOYMENT_TARGET = 12.2;
				MTL_ENABLE_DEBUG_INFO = INCLUDE_SOURCE;
				MTL_FAST_MATH = YES;
				ONLY_ACTIVE_ARCH = YES;
				SDKROOT = iphoneos;
				SWIFT_ACTIVE_COMPILATION_CONDITIONS = DEBUG;
				SWIFT_OPTIMIZATION_LEVEL = "-Onone";
			};
			name = Debug;
		};
		45557F3022C3A7CC00952BC8 /* Release */ = {
			isa = XCBuildConfiguration;
			buildSettings = {
				ALWAYS_SEARCH_USER_PATHS = NO;
				CLANG_ANALYZER_NONNULL = YES;
				CLANG_ANALYZER_NUMBER_OBJECT_CONVERSION = YES_AGGRESSIVE;
				CLANG_CXX_LANGUAGE_STANDARD = "gnu++14";
				CLANG_CXX_LIBRARY = "libc++";
				CLANG_ENABLE_MODULES = YES;
				CLANG_ENABLE_OBJC_ARC = YES;
				CLANG_ENABLE_OBJC_WEAK = YES;
				CLANG_WARN_BLOCK_CAPTURE_AUTORELEASING = YES;
				CLANG_WARN_BOOL_CONVERSION = YES;
				CLANG_WARN_COMMA = YES;
				CLANG_WARN_CONSTANT_CONVERSION = YES;
				CLANG_WARN_DEPRECATED_OBJC_IMPLEMENTATIONS = YES;
				CLANG_WARN_DIRECT_OBJC_ISA_USAGE = YES_ERROR;
				CLANG_WARN_DOCUMENTATION_COMMENTS = YES;
				CLANG_WARN_EMPTY_BODY = YES;
				CLANG_WARN_ENUM_CONVERSION = YES;
				CLANG_WARN_INFINITE_RECURSION = YES;
				CLANG_WARN_INT_CONVERSION = YES;
				CLANG_WARN_NON_LITERAL_NULL_CONVERSION = YES;
				CLANG_WARN_OBJC_IMPLICIT_RETAIN_SELF = YES;
				CLANG_WARN_OBJC_LITERAL_CONVERSION = YES;
				CLANG_WARN_OBJC_ROOT_CLASS = YES_ERROR;
				CLANG_WARN_RANGE_LOOP_ANALYSIS = YES;
				CLANG_WARN_STRICT_PROTOTYPES = YES;
				CLANG_WARN_SUSPICIOUS_MOVE = YES;
				CLANG_WARN_UNGUARDED_AVAILABILITY = YES_AGGRESSIVE;
				CLANG_WARN_UNREACHABLE_CODE = YES;
				CLANG_WARN__DUPLICATE_METHOD_MATCH = YES;
				CODE_SIGN_IDENTITY = "iPhone Developer";
				COPY_PHASE_STRIP = NO;
				DEBUG_INFORMATION_FORMAT = "dwarf-with-dsym";
				ENABLE_NS_ASSERTIONS = NO;
				ENABLE_STRICT_OBJC_MSGSEND = YES;
				GCC_C_LANGUAGE_STANDARD = gnu11;
				GCC_NO_COMMON_BLOCKS = YES;
				GCC_WARN_64_TO_32_BIT_CONVERSION = YES;
				GCC_WARN_ABOUT_RETURN_TYPE = YES_ERROR;
				GCC_WARN_UNDECLARED_SELECTOR = YES;
				GCC_WARN_UNINITIALIZED_AUTOS = YES_AGGRESSIVE;
				GCC_WARN_UNUSED_FUNCTION = YES;
				GCC_WARN_UNUSED_VARIABLE = YES;
				IPHONEOS_DEPLOYMENT_TARGET = 12.2;
				MTL_ENABLE_DEBUG_INFO = NO;
				MTL_FAST_MATH = YES;
				SDKROOT = iphoneos;
				SWIFT_COMPILATION_MODE = wholemodule;
				SWIFT_OPTIMIZATION_LEVEL = "-O";
				VALIDATE_PRODUCT = YES;
			};
			name = Release;
		};
		45557F3222C3A7CC00952BC8 /* Debug */ = {
			isa = XCBuildConfiguration;
			buildSettings = {
				ASSETCATALOG_COMPILER_APPICON_NAME = AppIcon;
				CODE_SIGN_STYLE = Automatic;
				DEVELOPMENT_TEAM = LVR5UQEHBD;
				INFOPLIST_FILE = "$(SRCROOT)/CircleSpreadButton/Others/Info.plist";
				LD_RUNPATH_SEARCH_PATHS = (
					"$(inherited)",
					"@executable_path/Frameworks",
				);
				PRODUCT_BUNDLE_IDENTIFIER = com.kawahara.CircleSpreadButton;
				PRODUCT_NAME = "$(TARGET_NAME)";
				SWIFT_VERSION = 5.0;
				TARGETED_DEVICE_FAMILY = "1,2";
			};
			name = Debug;
		};
		45557F3322C3A7CC00952BC8 /* Release */ = {
			isa = XCBuildConfiguration;
			buildSettings = {
				ASSETCATALOG_COMPILER_APPICON_NAME = AppIcon;
				CODE_SIGN_STYLE = Automatic;
				DEVELOPMENT_TEAM = LVR5UQEHBD;
				INFOPLIST_FILE = "$(SRCROOT)/CircleSpreadButton/Others/Info.plist";
				LD_RUNPATH_SEARCH_PATHS = (
					"$(inherited)",
					"@executable_path/Frameworks",
				);
				PRODUCT_BUNDLE_IDENTIFIER = com.kawahara.CircleSpreadButton;
				PRODUCT_NAME = "$(TARGET_NAME)";
				SWIFT_VERSION = 5.0;
				TARGETED_DEVICE_FAMILY = "1,2";
			};
			name = Release;
		};
/* End XCBuildConfiguration section */

/* Begin XCConfigurationList section */
		45557F1A22C3A7CA00952BC8 /* Build configuration list for PBXProject "CircleSpreadButton" */ = {
			isa = XCConfigurationList;
			buildConfigurations = (
				45557F2F22C3A7CC00952BC8 /* Debug */,
				45557F3022C3A7CC00952BC8 /* Release */,
			);
			defaultConfigurationIsVisible = 0;
			defaultConfigurationName = Release;
		};
		45557F3122C3A7CC00952BC8 /* Build configuration list for PBXNativeTarget "CircleSpreadButton" */ = {
			isa = XCConfigurationList;
			buildConfigurations = (
				45557F3222C3A7CC00952BC8 /* Debug */,
				45557F3322C3A7CC00952BC8 /* Release */,
			);
			defaultConfigurationIsVisible = 0;
			defaultConfigurationName = Release;
		};
/* End XCConfigurationList section */
	};
	rootObject = 45557F1722C3A7CA00952BC8 /* Project object */;
}
